{
  "name": "music-travel-project",
  "version": "1.0.0",
  "lockfileVersion": 3,
  "requires": true,
  "packages": {
    "": {
      "name": "music-travel-project",
      "version": "1.0.0",
      "license": "UNLICENSED",
      "engines": {
        "node": ">=20.10.0",
        "pnpm": ">=8.14.0"
      }
    }
  }
}
